// !$*UTF8*$!
{
	archiveVersion = 1;
	classes = {
	};
	objectVersion = 46;
	objects = {

/* Begin PBXAggregateTarget section */
		"Core::CorePackageTests::ProductTarget" /* CorePackageTests */ = {
			isa = PBXAggregateTarget;
			buildConfigurationList = OBJ_204 /* Build configuration list for PBXAggregateTarget "CorePackageTests" */;
			buildPhases = (
			);
			dependencies = (
				OBJ_207 /* PBXTargetDependency */,
			);
			name = CorePackageTests;
			productName = CorePackageTests;
		};
/* End PBXAggregateTarget section */

/* Begin PBXBuildFile section */
		OBJ_106 /* ArrayTests.swift in Sources */ = {isa = PBXBuildFile; fileRef = OBJ_36 /* ArrayTests.swift */; };
		OBJ_107 /* BlackBoxTests.swift in Sources */ = {isa = PBXBuildFile; fileRef = OBJ_37 /* BlackBoxTests.swift */; };
		OBJ_108 /* CacheTests.swift in Sources */ = {isa = PBXBuildFile; fileRef = OBJ_38 /* CacheTests.swift */; };
		OBJ_109 /* FileProtocolTests.swift in Sources */ = {isa = PBXBuildFile; fileRef = OBJ_39 /* FileProtocolTests.swift */; };
		OBJ_110 /* PercentEncodingTests.swift in Sources */ = {isa = PBXBuildFile; fileRef = OBJ_40 /* PercentEncodingTests.swift */; };
		OBJ_111 /* PolymorphicTests.swift in Sources */ = {isa = PBXBuildFile; fileRef = OBJ_41 /* PolymorphicTests.swift */; };
		OBJ_112 /* PortalTests.swift in Sources */ = {isa = PBXBuildFile; fileRef = OBJ_42 /* PortalTests.swift */; };
		OBJ_113 /* RFC1123Tests.swift in Sources */ = {isa = PBXBuildFile; fileRef = OBJ_43 /* RFC1123Tests.swift */; };
		OBJ_114 /* ResultTests.swift in Sources */ = {isa = PBXBuildFile; fileRef = OBJ_44 /* ResultTests.swift */; };
		OBJ_115 /* SemaphoreTests.swift in Sources */ = {isa = PBXBuildFile; fileRef = OBJ_45 /* SemaphoreTests.swift */; };
		OBJ_116 /* StaticDataBufferTests.swift in Sources */ = {isa = PBXBuildFile; fileRef = OBJ_46 /* StaticDataBufferTests.swift */; };
		OBJ_117 /* StringTests.swift in Sources */ = {isa = PBXBuildFile; fileRef = OBJ_47 /* StringTests.swift */; };
		OBJ_118 /* UnsignedIntegerChunkingTests.swift in Sources */ = {isa = PBXBuildFile; fileRef = OBJ_48 /* UnsignedIntegerChunkingTests.swift */; };
		OBJ_119 /* UtilityTests.swift in Sources */ = {isa = PBXBuildFile; fileRef = OBJ_49 /* UtilityTests.swift */; };
		OBJ_121 /* Core.framework in Frameworks */ = {isa = PBXBuildFile; fileRef = "Core::Core::Product" /* Core.framework */; };
		OBJ_122 /* Debugging.framework in Frameworks */ = {isa = PBXBuildFile; fileRef = "Debugging::Debugging::Product" /* Debugging.framework */; };
		OBJ_123 /* Bits.framework in Frameworks */ = {isa = PBXBuildFile; fileRef = "Bits::Bits::Product" /* Bits.framework */; };
		OBJ_124 /* libc.framework in Frameworks */ = {isa = PBXBuildFile; fileRef = "Core::libc::Product" /* libc.framework */; };
		OBJ_137 /* Array.swift in Sources */ = {isa = PBXBuildFile; fileRef = OBJ_11 /* Array.swift */; };
		OBJ_138 /* Bits.swift in Sources */ = {isa = PBXBuildFile; fileRef = OBJ_12 /* Bits.swift */; };
		OBJ_139 /* Cache.swift in Sources */ = {isa = PBXBuildFile; fileRef = OBJ_13 /* Cache.swift */; };
		OBJ_140 /* Collection+Safe.swift in Sources */ = {isa = PBXBuildFile; fileRef = OBJ_14 /* Collection+Safe.swift */; };
		OBJ_141 /* DataFile.swift in Sources */ = {isa = PBXBuildFile; fileRef = OBJ_15 /* DataFile.swift */; };
		OBJ_142 /* Dispatch.swift in Sources */ = {isa = PBXBuildFile; fileRef = OBJ_16 /* Dispatch.swift */; };
		OBJ_143 /* DispatchTime+Utilities.swift in Sources */ = {isa = PBXBuildFile; fileRef = OBJ_17 /* DispatchTime+Utilities.swift */; };
		OBJ_144 /* EmptyInitializable.swift in Sources */ = {isa = PBXBuildFile; fileRef = OBJ_18 /* EmptyInitializable.swift */; };
		OBJ_145 /* Exports.swift in Sources */ = {isa = PBXBuildFile; fileRef = OBJ_19 /* Exports.swift */; };
		OBJ_146 /* Extendable.swift in Sources */ = {isa = PBXBuildFile; fileRef = OBJ_20 /* Extendable.swift */; };
		OBJ_147 /* FileProtocol.swift in Sources */ = {isa = PBXBuildFile; fileRef = OBJ_21 /* FileProtocol.swift */; };
		OBJ_148 /* Int+Hex.swift in Sources */ = {isa = PBXBuildFile; fileRef = OBJ_22 /* Int+Hex.swift */; };
		OBJ_149 /* Lock.swift in Sources */ = {isa = PBXBuildFile; fileRef = OBJ_23 /* Lock.swift */; };
		OBJ_150 /* Portal.swift in Sources */ = {isa = PBXBuildFile; fileRef = OBJ_24 /* Portal.swift */; };
		OBJ_151 /* RFC1123.swift in Sources */ = {isa = PBXBuildFile; fileRef = OBJ_25 /* RFC1123.swift */; };
		OBJ_152 /* Result.swift in Sources */ = {isa = PBXBuildFile; fileRef = OBJ_26 /* Result.swift */; };
		OBJ_153 /* Semaphore.swift in Sources */ = {isa = PBXBuildFile; fileRef = OBJ_27 /* Semaphore.swift */; };
		OBJ_154 /* Sequence.swift in Sources */ = {isa = PBXBuildFile; fileRef = OBJ_28 /* Sequence.swift */; };
		OBJ_155 /* StaticDataBuffer.swift in Sources */ = {isa = PBXBuildFile; fileRef = OBJ_29 /* StaticDataBuffer.swift */; };
		OBJ_156 /* String+CaseInsensitiveCompare.swift in Sources */ = {isa = PBXBuildFile; fileRef = OBJ_30 /* String+CaseInsensitiveCompare.swift */; };
		OBJ_157 /* String+Polymorphic.swift in Sources */ = {isa = PBXBuildFile; fileRef = OBJ_31 /* String+Polymorphic.swift */; };
		OBJ_158 /* String.swift in Sources */ = {isa = PBXBuildFile; fileRef = OBJ_32 /* String.swift */; };
		OBJ_159 /* WorkingDirectory.swift in Sources */ = {isa = PBXBuildFile; fileRef = OBJ_33 /* WorkingDirectory.swift */; };
		OBJ_161 /* Debugging.framework in Frameworks */ = {isa = PBXBuildFile; fileRef = "Debugging::Debugging::Product" /* Debugging.framework */; };
		OBJ_162 /* Bits.framework in Frameworks */ = {isa = PBXBuildFile; fileRef = "Bits::Bits::Product" /* Bits.framework */; };
		OBJ_163 /* libc.framework in Frameworks */ = {isa = PBXBuildFile; fileRef = "Core::libc::Product" /* libc.framework */; };
		OBJ_201 /* libc.swift in Sources */ = {isa = PBXBuildFile; fileRef = OBJ_9 /* libc.swift */; };
/* End PBXBuildFile section */

/* Begin PBXContainerItemProxy section */
		0480A7DF1F85172000204C4F /* PBXContainerItemProxy */ = {
			isa = PBXContainerItemProxy;
			containerPortal = OBJ_1 /* Project object */;
			proxyType = 1;
			remoteGlobalIDString = "Debugging::Debugging";
			remoteInfo = Debugging;
		};
		0480A7E01F85172000204C4F /* PBXContainerItemProxy */ = {
			isa = PBXContainerItemProxy;
			containerPortal = OBJ_1 /* Project object */;
			proxyType = 1;
			remoteGlobalIDString = "Bits::Bits";
			remoteInfo = Bits;
		};
		0480A7E11F85172000204C4F /* PBXContainerItemProxy */ = {
			isa = PBXContainerItemProxy;
			containerPortal = OBJ_1 /* Project object */;
			proxyType = 1;
			remoteGlobalIDString = "Core::libc";
			remoteInfo = libc;
		};
		0480A7E21F85172000204C4F /* PBXContainerItemProxy */ = {
			isa = PBXContainerItemProxy;
			containerPortal = OBJ_1 /* Project object */;
			proxyType = 1;
			remoteGlobalIDString = "Core::Core";
			remoteInfo = Core;
		};
		0480A7E31F85172000204C4F /* PBXContainerItemProxy */ = {
			isa = PBXContainerItemProxy;
			containerPortal = OBJ_1 /* Project object */;
			proxyType = 1;
			remoteGlobalIDString = "Debugging::Debugging";
			remoteInfo = Debugging;
		};
		0480A7E41F85172000204C4F /* PBXContainerItemProxy */ = {
			isa = PBXContainerItemProxy;
			containerPortal = OBJ_1 /* Project object */;
			proxyType = 1;
			remoteGlobalIDString = "Bits::Bits";
			remoteInfo = Bits;
		};
		0480A7E51F85172000204C4F /* PBXContainerItemProxy */ = {
			isa = PBXContainerItemProxy;
			containerPortal = OBJ_1 /* Project object */;
			proxyType = 1;
			remoteGlobalIDString = "Core::libc";
			remoteInfo = libc;
		};
		0480A7E61F85172100204C4F /* PBXContainerItemProxy */ = {
			isa = PBXContainerItemProxy;
			containerPortal = OBJ_1 /* Project object */;
			proxyType = 1;
			remoteGlobalIDString = "Core::CoreTests";
			remoteInfo = CoreTests;
		};
/* End PBXContainerItemProxy section */

/* Begin PBXFileReference section */
		"Bits::Bits::Product" /* Bits.framework */ = {isa = PBXFileReference; explicitFileType = wrapper.framework; path = Bits.framework; sourceTree = BUILT_PRODUCTS_DIR; };
		"Core::Core::Product" /* Core.framework */ = {isa = PBXFileReference; explicitFileType = wrapper.framework; path = Core.framework; sourceTree = BUILT_PRODUCTS_DIR; };
		"Core::CoreTests::Product" /* CoreTests.xctest */ = {isa = PBXFileReference; explicitFileType = wrapper.cfbundle; path = CoreTests.xctest; sourceTree = BUILT_PRODUCTS_DIR; };
		"Core::libc::Product" /* libc.framework */ = {isa = PBXFileReference; explicitFileType = wrapper.framework; path = libc.framework; sourceTree = BUILT_PRODUCTS_DIR; };
		"Debugging::Debugging::Product" /* Debugging.framework */ = {isa = PBXFileReference; explicitFileType = wrapper.framework; path = Debugging.framework; sourceTree = BUILT_PRODUCTS_DIR; };
		OBJ_11 /* Array.swift */ = {isa = PBXFileReference; lastKnownFileType = sourcecode.swift; path = Array.swift; sourceTree = "<group>"; };
		OBJ_12 /* Bits.swift */ = {isa = PBXFileReference; lastKnownFileType = sourcecode.swift; path = Bits.swift; sourceTree = "<group>"; };
		OBJ_13 /* Cache.swift */ = {isa = PBXFileReference; lastKnownFileType = sourcecode.swift; path = Cache.swift; sourceTree = "<group>"; };
		OBJ_14 /* Collection+Safe.swift */ = {isa = PBXFileReference; lastKnownFileType = sourcecode.swift; path = "Collection+Safe.swift"; sourceTree = "<group>"; };
		OBJ_15 /* DataFile.swift */ = {isa = PBXFileReference; lastKnownFileType = sourcecode.swift; path = DataFile.swift; sourceTree = "<group>"; };
		OBJ_16 /* Dispatch.swift */ = {isa = PBXFileReference; lastKnownFileType = sourcecode.swift; path = Dispatch.swift; sourceTree = "<group>"; };
		OBJ_17 /* DispatchTime+Utilities.swift */ = {isa = PBXFileReference; lastKnownFileType = sourcecode.swift; path = "DispatchTime+Utilities.swift"; sourceTree = "<group>"; };
		OBJ_18 /* EmptyInitializable.swift */ = {isa = PBXFileReference; lastKnownFileType = sourcecode.swift; path = EmptyInitializable.swift; sourceTree = "<group>"; };
		OBJ_19 /* Exports.swift */ = {isa = PBXFileReference; lastKnownFileType = sourcecode.swift; path = Exports.swift; sourceTree = "<group>"; };
		OBJ_20 /* Extendable.swift */ = {isa = PBXFileReference; lastKnownFileType = sourcecode.swift; path = Extendable.swift; sourceTree = "<group>"; };
		OBJ_21 /* FileProtocol.swift */ = {isa = PBXFileReference; lastKnownFileType = sourcecode.swift; path = FileProtocol.swift; sourceTree = "<group>"; };
		OBJ_22 /* Int+Hex.swift */ = {isa = PBXFileReference; lastKnownFileType = sourcecode.swift; path = "Int+Hex.swift"; sourceTree = "<group>"; };
		OBJ_23 /* Lock.swift */ = {isa = PBXFileReference; lastKnownFileType = sourcecode.swift; path = Lock.swift; sourceTree = "<group>"; };
		OBJ_24 /* Portal.swift */ = {isa = PBXFileReference; lastKnownFileType = sourcecode.swift; path = Portal.swift; sourceTree = "<group>"; };
		OBJ_25 /* RFC1123.swift */ = {isa = PBXFileReference; lastKnownFileType = sourcecode.swift; path = RFC1123.swift; sourceTree = "<group>"; };
		OBJ_26 /* Result.swift */ = {isa = PBXFileReference; lastKnownFileType = sourcecode.swift; path = Result.swift; sourceTree = "<group>"; };
		OBJ_27 /* Semaphore.swift */ = {isa = PBXFileReference; lastKnownFileType = sourcecode.swift; path = Semaphore.swift; sourceTree = "<group>"; };
		OBJ_28 /* Sequence.swift */ = {isa = PBXFileReference; lastKnownFileType = sourcecode.swift; path = Sequence.swift; sourceTree = "<group>"; };
		OBJ_29 /* StaticDataBuffer.swift */ = {isa = PBXFileReference; lastKnownFileType = sourcecode.swift; path = StaticDataBuffer.swift; sourceTree = "<group>"; };
		OBJ_30 /* String+CaseInsensitiveCompare.swift */ = {isa = PBXFileReference; lastKnownFileType = sourcecode.swift; path = "String+CaseInsensitiveCompare.swift"; sourceTree = "<group>"; };
		OBJ_31 /* String+Polymorphic.swift */ = {isa = PBXFileReference; lastKnownFileType = sourcecode.swift; path = "String+Polymorphic.swift"; sourceTree = "<group>"; };
		OBJ_32 /* String.swift */ = {isa = PBXFileReference; lastKnownFileType = sourcecode.swift; path = String.swift; sourceTree = "<group>"; };
		OBJ_33 /* WorkingDirectory.swift */ = {isa = PBXFileReference; lastKnownFileType = sourcecode.swift; path = WorkingDirectory.swift; sourceTree = "<group>"; };
		OBJ_36 /* ArrayTests.swift */ = {isa = PBXFileReference; lastKnownFileType = sourcecode.swift; path = ArrayTests.swift; sourceTree = "<group>"; };
		OBJ_37 /* BlackBoxTests.swift */ = {isa = PBXFileReference; lastKnownFileType = sourcecode.swift; path = BlackBoxTests.swift; sourceTree = "<group>"; };
		OBJ_38 /* CacheTests.swift */ = {isa = PBXFileReference; lastKnownFileType = sourcecode.swift; path = CacheTests.swift; sourceTree = "<group>"; };
		OBJ_39 /* FileProtocolTests.swift */ = {isa = PBXFileReference; lastKnownFileType = sourcecode.swift; path = FileProtocolTests.swift; sourceTree = "<group>"; };
		OBJ_40 /* PercentEncodingTests.swift */ = {isa = PBXFileReference; lastKnownFileType = sourcecode.swift; path = PercentEncodingTests.swift; sourceTree = "<group>"; };
		OBJ_41 /* PolymorphicTests.swift */ = {isa = PBXFileReference; lastKnownFileType = sourcecode.swift; path = PolymorphicTests.swift; sourceTree = "<group>"; };
		OBJ_42 /* PortalTests.swift */ = {isa = PBXFileReference; lastKnownFileType = sourcecode.swift; path = PortalTests.swift; sourceTree = "<group>"; };
		OBJ_43 /* RFC1123Tests.swift */ = {isa = PBXFileReference; lastKnownFileType = sourcecode.swift; path = RFC1123Tests.swift; sourceTree = "<group>"; };
		OBJ_44 /* ResultTests.swift */ = {isa = PBXFileReference; lastKnownFileType = sourcecode.swift; path = ResultTests.swift; sourceTree = "<group>"; };
		OBJ_45 /* SemaphoreTests.swift */ = {isa = PBXFileReference; lastKnownFileType = sourcecode.swift; path = SemaphoreTests.swift; sourceTree = "<group>"; };
		OBJ_46 /* StaticDataBufferTests.swift */ = {isa = PBXFileReference; lastKnownFileType = sourcecode.swift; path = StaticDataBufferTests.swift; sourceTree = "<group>"; };
		OBJ_47 /* StringTests.swift */ = {isa = PBXFileReference; lastKnownFileType = sourcecode.swift; path = StringTests.swift; sourceTree = "<group>"; };
		OBJ_48 /* UnsignedIntegerChunkingTests.swift */ = {isa = PBXFileReference; lastKnownFileType = sourcecode.swift; path = UnsignedIntegerChunkingTests.swift; sourceTree = "<group>"; };
		OBJ_49 /* UtilityTests.swift */ = {isa = PBXFileReference; lastKnownFileType = sourcecode.swift; path = UtilityTests.swift; sourceTree = "<group>"; };
		OBJ_9 /* libc.swift */ = {isa = PBXFileReference; lastKnownFileType = sourcecode.swift; path = libc.swift; sourceTree = "<group>"; };
/* End PBXFileReference section */

/* Begin PBXFrameworksBuildPhase section */
		OBJ_120 /* Frameworks */ = {
			isa = PBXFrameworksBuildPhase;
			buildActionMask = 0;
			files = (
				OBJ_121 /* Core.framework in Frameworks */,
				OBJ_122 /* Debugging.framework in Frameworks */,
				OBJ_123 /* Bits.framework in Frameworks */,
				OBJ_124 /* libc.framework in Frameworks */,
			);
			runOnlyForDeploymentPostprocessing = 0;
		};
		OBJ_160 /* Frameworks */ = {
			isa = PBXFrameworksBuildPhase;
			buildActionMask = 0;
			files = (
				OBJ_161 /* Debugging.framework in Frameworks */,
				OBJ_162 /* Bits.framework in Frameworks */,
				OBJ_163 /* libc.framework in Frameworks */,
			);
			runOnlyForDeploymentPostprocessing = 0;
		};
		OBJ_172 /* Frameworks */ = {
			isa = PBXFrameworksBuildPhase;
			buildActionMask = 0;
			files = (
			);
			runOnlyForDeploymentPostprocessing = 0;
		};
		OBJ_196 /* Frameworks */ = {
			isa = PBXFrameworksBuildPhase;
			buildActionMask = 0;
			files = (
			);
			runOnlyForDeploymentPostprocessing = 0;
		};
		OBJ_202 /* Frameworks */ = {
			isa = PBXFrameworksBuildPhase;
			buildActionMask = 0;
			files = (
			);
			runOnlyForDeploymentPostprocessing = 0;
		};
/* End PBXFrameworksBuildPhase section */

/* Begin PBXGroup section */
		OBJ_10 /* Core */ = {
			isa = PBXGroup;
			children = (
				OBJ_11 /* Array.swift */,
				OBJ_12 /* Bits.swift */,
				OBJ_13 /* Cache.swift */,
				OBJ_14 /* Collection+Safe.swift */,
				OBJ_15 /* DataFile.swift */,
				OBJ_16 /* Dispatch.swift */,
				OBJ_17 /* DispatchTime+Utilities.swift */,
				OBJ_18 /* EmptyInitializable.swift */,
				OBJ_19 /* Exports.swift */,
				OBJ_20 /* Extendable.swift */,
				OBJ_21 /* FileProtocol.swift */,
				OBJ_22 /* Int+Hex.swift */,
				OBJ_23 /* Lock.swift */,
				OBJ_24 /* Portal.swift */,
				OBJ_25 /* RFC1123.swift */,
				OBJ_26 /* Result.swift */,
				OBJ_27 /* Semaphore.swift */,
				OBJ_28 /* Sequence.swift */,
				OBJ_29 /* StaticDataBuffer.swift */,
				OBJ_30 /* String+CaseInsensitiveCompare.swift */,
				OBJ_31 /* String+Polymorphic.swift */,
				OBJ_32 /* String.swift */,
				OBJ_33 /* WorkingDirectory.swift */,
			);
			name = Core;
			path = Sources/Core;
			sourceTree = SOURCE_ROOT;
		};
		OBJ_34 /* Tests */ = {
			isa = PBXGroup;
			children = (
				OBJ_35 /* CoreTests */,
			);
			name = Tests;
			sourceTree = SOURCE_ROOT;
		};
		OBJ_35 /* CoreTests */ = {
			isa = PBXGroup;
			children = (
				OBJ_36 /* ArrayTests.swift */,
				OBJ_37 /* BlackBoxTests.swift */,
				OBJ_38 /* CacheTests.swift */,
				OBJ_39 /* FileProtocolTests.swift */,
				OBJ_40 /* PercentEncodingTests.swift */,
				OBJ_41 /* PolymorphicTests.swift */,
				OBJ_42 /* PortalTests.swift */,
				OBJ_43 /* RFC1123Tests.swift */,
				OBJ_44 /* ResultTests.swift */,
				OBJ_45 /* SemaphoreTests.swift */,
				OBJ_46 /* StaticDataBufferTests.swift */,
				OBJ_47 /* StringTests.swift */,
				OBJ_48 /* UnsignedIntegerChunkingTests.swift */,
				OBJ_49 /* UtilityTests.swift */,
			);
			name = CoreTests;
			path = Tests/CoreTests;
			sourceTree = SOURCE_ROOT;
		};
		OBJ_5 = {
			isa = PBXGroup;
			children = (
				OBJ_7 /* Sources */,
				OBJ_34 /* Tests */,
				OBJ_77 /* Products */,
			);
			sourceTree = "<group>";
		};
		OBJ_7 /* Sources */ = {
			isa = PBXGroup;
			children = (
				OBJ_8 /* libc */,
				OBJ_10 /* Core */,
			);
			name = Sources;
			sourceTree = SOURCE_ROOT;
		};
		OBJ_77 /* Products */ = {
			isa = PBXGroup;
			children = (
				"Core::CoreTests::Product" /* CoreTests.xctest */,
				"Core::Core::Product" /* Core.framework */,
				"Debugging::Debugging::Product" /* Debugging.framework */,
				"Bits::Bits::Product" /* Bits.framework */,
				"Core::libc::Product" /* libc.framework */,
			);
			name = Products;
			sourceTree = BUILT_PRODUCTS_DIR;
		};
		OBJ_8 /* libc */ = {
			isa = PBXGroup;
			children = (
				OBJ_9 /* libc.swift */,
			);
			name = libc;
			path = Sources/libc;
			sourceTree = SOURCE_ROOT;
		};
/* End PBXGroup section */

/* Begin PBXNativeTarget section */
		"Bits::Bits" /* Bits */ = {
			isa = PBXNativeTarget;
			buildConfigurationList = OBJ_173 /* Build configuration list for PBXNativeTarget "Bits" */;
			buildPhases = (
				OBJ_176 /* Sources */,
				OBJ_196 /* Frameworks */,
			);
			buildRules = (
			);
			dependencies = (
			);
			name = Bits;
			productName = Bits;
			productReference = "Bits::Bits::Product" /* Bits.framework */;
			productType = "com.apple.product-type.framework";
		};
		"Bits::SwiftPMPackageDescription" /* BitsPackageDescription */ = {
			isa = PBXNativeTarget;
			buildConfigurationList = OBJ_96 /* Build configuration list for PBXNativeTarget "BitsPackageDescription" */;
			buildPhases = (
				OBJ_99 /* Sources */,
			);
			buildRules = (
			);
			dependencies = (
			);
			name = BitsPackageDescription;
			productName = BitsPackageDescription;
			productType = "com.apple.product-type.framework";
		};
		"Core::Core" /* Core */ = {
			isa = PBXNativeTarget;
			buildConfigurationList = OBJ_133 /* Build configuration list for PBXNativeTarget "Core" */;
			buildPhases = (
				OBJ_136 /* Sources */,
				OBJ_160 /* Frameworks */,
			);
			buildRules = (
			);
			dependencies = (
				OBJ_164 /* PBXTargetDependency */,
				OBJ_165 /* PBXTargetDependency */,
				OBJ_166 /* PBXTargetDependency */,
			);
			name = Core;
			productName = Core;
			productReference = "Core::Core::Product" /* Core.framework */;
			productType = "com.apple.product-type.framework";
		};
		"Core::CoreTests" /* CoreTests */ = {
			isa = PBXNativeTarget;
			buildConfigurationList = OBJ_102 /* Build configuration list for PBXNativeTarget "CoreTests" */;
			buildPhases = (
				OBJ_105 /* Sources */,
				OBJ_120 /* Frameworks */,
			);
			buildRules = (
			);
			dependencies = (
				OBJ_125 /* PBXTargetDependency */,
				OBJ_127 /* PBXTargetDependency */,
				OBJ_129 /* PBXTargetDependency */,
				OBJ_131 /* PBXTargetDependency */,
			);
			name = CoreTests;
			productName = CoreTests;
			productReference = "Core::CoreTests::Product" /* CoreTests.xctest */;
			productType = "com.apple.product-type.bundle.unit-test";
		};
		"Core::SwiftPMPackageDescription" /* CorePackageDescription */ = {
			isa = PBXNativeTarget;
			buildConfigurationList = OBJ_84 /* Build configuration list for PBXNativeTarget "CorePackageDescription" */;
			buildPhases = (
				OBJ_87 /* Sources */,
			);
			buildRules = (
			);
			dependencies = (
			);
			name = CorePackageDescription;
			productName = CorePackageDescription;
			productType = "com.apple.product-type.framework";
		};
		"Core::libc" /* libc */ = {
			isa = PBXNativeTarget;
			buildConfigurationList = OBJ_197 /* Build configuration list for PBXNativeTarget "libc" */;
			buildPhases = (
				OBJ_200 /* Sources */,
				OBJ_202 /* Frameworks */,
			);
			buildRules = (
			);
			dependencies = (
			);
			name = libc;
			productName = libc;
			productReference = "Core::libc::Product" /* libc.framework */;
			productType = "com.apple.product-type.framework";
		};
		"Debugging::Debugging" /* Debugging */ = {
			isa = PBXNativeTarget;
			buildConfigurationList = OBJ_167 /* Build configuration list for PBXNativeTarget "Debugging" */;
			buildPhases = (
				OBJ_170 /* Sources */,
				OBJ_172 /* Frameworks */,
			);
			buildRules = (
			);
			dependencies = (
			);
			name = Debugging;
			productName = Debugging;
			productReference = "Debugging::Debugging::Product" /* Debugging.framework */;
			productType = "com.apple.product-type.framework";
		};
		"Debugging::SwiftPMPackageDescription" /* DebuggingPackageDescription */ = {
			isa = PBXNativeTarget;
			buildConfigurationList = OBJ_90 /* Build configuration list for PBXNativeTarget "DebuggingPackageDescription" */;
			buildPhases = (
				OBJ_93 /* Sources */,
			);
			buildRules = (
			);
			dependencies = (
			);
			name = DebuggingPackageDescription;
			productName = DebuggingPackageDescription;
			productType = "com.apple.product-type.framework";
		};
/* End PBXNativeTarget section */

/* Begin PBXProject section */
		OBJ_1 /* Project object */ = {
			isa = PBXProject;
			attributes = {
				LastUpgradeCheck = 9999;
			};
			buildConfigurationList = OBJ_2 /* Build configuration list for PBXProject "core" */;
			compatibilityVersion = "Xcode 3.2";
			developmentRegion = English;
			hasScannedForEncodings = 0;
			knownRegions = (
				en,
			);
			mainGroup = OBJ_5;
			productRefGroup = OBJ_77 /* Products */;
			projectDirPath = "";
			projectRoot = "";
			targets = (
				"Core::SwiftPMPackageDescription" /* CorePackageDescription */,
				"Debugging::SwiftPMPackageDescription" /* DebuggingPackageDescription */,
				"Bits::SwiftPMPackageDescription" /* BitsPackageDescription */,
				"Core::CoreTests" /* CoreTests */,
				"Core::Core" /* Core */,
				"Debugging::Debugging" /* Debugging */,
				"Bits::Bits" /* Bits */,
				"Core::libc" /* libc */,
				"Core::CorePackageTests::ProductTarget" /* CorePackageTests */,
			);
		};
/* End PBXProject section */

/* Begin PBXSourcesBuildPhase section */
		OBJ_105 /* Sources */ = {
			isa = PBXSourcesBuildPhase;
			buildActionMask = 0;
			files = (
				OBJ_106 /* ArrayTests.swift in Sources */,
				OBJ_107 /* BlackBoxTests.swift in Sources */,
				OBJ_108 /* CacheTests.swift in Sources */,
				OBJ_109 /* FileProtocolTests.swift in Sources */,
				OBJ_110 /* PercentEncodingTests.swift in Sources */,
				OBJ_111 /* PolymorphicTests.swift in Sources */,
				OBJ_112 /* PortalTests.swift in Sources */,
				OBJ_113 /* RFC1123Tests.swift in Sources */,
				OBJ_114 /* ResultTests.swift in Sources */,
				OBJ_115 /* SemaphoreTests.swift in Sources */,
				OBJ_116 /* StaticDataBufferTests.swift in Sources */,
				OBJ_117 /* StringTests.swift in Sources */,
				OBJ_118 /* UnsignedIntegerChunkingTests.swift in Sources */,
				OBJ_119 /* UtilityTests.swift in Sources */,
			);
			runOnlyForDeploymentPostprocessing = 0;
		};
		OBJ_136 /* Sources */ = {
			isa = PBXSourcesBuildPhase;
			buildActionMask = 0;
			files = (
				OBJ_137 /* Array.swift in Sources */,
				OBJ_138 /* Bits.swift in Sources */,
				OBJ_139 /* Cache.swift in Sources */,
				OBJ_140 /* Collection+Safe.swift in Sources */,
				OBJ_141 /* DataFile.swift in Sources */,
				OBJ_142 /* Dispatch.swift in Sources */,
				OBJ_143 /* DispatchTime+Utilities.swift in Sources */,
				OBJ_144 /* EmptyInitializable.swift in Sources */,
				OBJ_145 /* Exports.swift in Sources */,
				OBJ_146 /* Extendable.swift in Sources */,
				OBJ_147 /* FileProtocol.swift in Sources */,
				OBJ_148 /* Int+Hex.swift in Sources */,
				OBJ_149 /* Lock.swift in Sources */,
				OBJ_150 /* Portal.swift in Sources */,
				OBJ_151 /* RFC1123.swift in Sources */,
				OBJ_152 /* Result.swift in Sources */,
				OBJ_153 /* Semaphore.swift in Sources */,
				OBJ_154 /* Sequence.swift in Sources */,
				OBJ_155 /* StaticDataBuffer.swift in Sources */,
				OBJ_156 /* String+CaseInsensitiveCompare.swift in Sources */,
				OBJ_157 /* String+Polymorphic.swift in Sources */,
				OBJ_158 /* String.swift in Sources */,
				OBJ_159 /* WorkingDirectory.swift in Sources */,
			);
			runOnlyForDeploymentPostprocessing = 0;
		};
		OBJ_170 /* Sources */ = {
			isa = PBXSourcesBuildPhase;
			buildActionMask = 0;
			files = (
			);
			runOnlyForDeploymentPostprocessing = 0;
		};
		OBJ_176 /* Sources */ = {
			isa = PBXSourcesBuildPhase;
			buildActionMask = 0;
			files = (
			);
			runOnlyForDeploymentPostprocessing = 0;
		};
		OBJ_200 /* Sources */ = {
			isa = PBXSourcesBuildPhase;
			buildActionMask = 0;
			files = (
				OBJ_201 /* libc.swift in Sources */,
			);
			runOnlyForDeploymentPostprocessing = 0;
		};
		OBJ_87 /* Sources */ = {
			isa = PBXSourcesBuildPhase;
			buildActionMask = 0;
			files = (
			);
			runOnlyForDeploymentPostprocessing = 0;
		};
		OBJ_93 /* Sources */ = {
			isa = PBXSourcesBuildPhase;
			buildActionMask = 0;
			files = (
			);
			runOnlyForDeploymentPostprocessing = 0;
		};
		OBJ_99 /* Sources */ = {
			isa = PBXSourcesBuildPhase;
			buildActionMask = 0;
			files = (
			);
			runOnlyForDeploymentPostprocessing = 0;
		};
/* End PBXSourcesBuildPhase section */

/* Begin PBXTargetDependency section */
		OBJ_125 /* PBXTargetDependency */ = {
			isa = PBXTargetDependency;
			target = "Core::Core" /* Core */;
			targetProxy = 0480A7E21F85172000204C4F /* PBXContainerItemProxy */;
		};
		OBJ_127 /* PBXTargetDependency */ = {
			isa = PBXTargetDependency;
			target = "Debugging::Debugging" /* Debugging */;
			targetProxy = 0480A7E31F85172000204C4F /* PBXContainerItemProxy */;
		};
		OBJ_129 /* PBXTargetDependency */ = {
			isa = PBXTargetDependency;
			target = "Bits::Bits" /* Bits */;
			targetProxy = 0480A7E41F85172000204C4F /* PBXContainerItemProxy */;
		};
		OBJ_131 /* PBXTargetDependency */ = {
			isa = PBXTargetDependency;
			target = "Core::libc" /* libc */;
			targetProxy = 0480A7E51F85172000204C4F /* PBXContainerItemProxy */;
		};
		OBJ_164 /* PBXTargetDependency */ = {
			isa = PBXTargetDependency;
			target = "Debugging::Debugging" /* Debugging */;
			targetProxy = 0480A7DF1F85172000204C4F /* PBXContainerItemProxy */;
		};
		OBJ_165 /* PBXTargetDependency */ = {
			isa = PBXTargetDependency;
			target = "Bits::Bits" /* Bits */;
			targetProxy = 0480A7E01F85172000204C4F /* PBXContainerItemProxy */;
		};
		OBJ_166 /* PBXTargetDependency */ = {
			isa = PBXTargetDependency;
			target = "Core::libc" /* libc */;
			targetProxy = 0480A7E11F85172000204C4F /* PBXContainerItemProxy */;
		};
		OBJ_207 /* PBXTargetDependency */ = {
			isa = PBXTargetDependency;
			target = "Core::CoreTests" /* CoreTests */;
			targetProxy = 0480A7E61F85172100204C4F /* PBXContainerItemProxy */;
		};
/* End PBXTargetDependency section */

/* Begin XCBuildConfiguration section */
		OBJ_103 /* Debug */ = {
			isa = XCBuildConfiguration;
			buildSettings = {
				EMBEDDED_CONTENT_CONTAINS_SWIFT = YES;
				FRAMEWORK_SEARCH_PATHS = (
					"$(inherited)",
					"$(PLATFORM_DIR)/Developer/Library/Frameworks",
				);
				HEADER_SEARCH_PATHS = "$(inherited)";
				INFOPLIST_FILE = Core.xcodeproj/CoreTests_Info.plist;
				LD_RUNPATH_SEARCH_PATHS = "@loader_path/../Frameworks @loader_path/Frameworks";
				OTHER_LDFLAGS = "$(inherited)";
				OTHER_SWIFT_FLAGS = "$(inherited)";
				SWIFT_VERSION = 4.0;
				TARGET_NAME = CoreTests;
			};
			name = Debug;
		};
		OBJ_104 /* Release */ = {
			isa = XCBuildConfiguration;
			buildSettings = {
				EMBEDDED_CONTENT_CONTAINS_SWIFT = YES;
				FRAMEWORK_SEARCH_PATHS = (
					"$(inherited)",
					"$(PLATFORM_DIR)/Developer/Library/Frameworks",
				);
				HEADER_SEARCH_PATHS = "$(inherited)";
				INFOPLIST_FILE = Core.xcodeproj/CoreTests_Info.plist;
				LD_RUNPATH_SEARCH_PATHS = "@loader_path/../Frameworks @loader_path/Frameworks";
				OTHER_LDFLAGS = "$(inherited)";
				OTHER_SWIFT_FLAGS = "$(inherited)";
				SWIFT_VERSION = 4.0;
				TARGET_NAME = CoreTests;
			};
			name = Release;
		};
		OBJ_134 /* Debug */ = {
			isa = XCBuildConfiguration;
			buildSettings = {
				ENABLE_TESTABILITY = YES;
				FRAMEWORK_SEARCH_PATHS = (
					"$(inherited)",
					"$(PROJECT_DIR)/Carthage/Build/iOS",
				);
				HEADER_SEARCH_PATHS = "$(inherited)";
				INFOPLIST_FILE = Core.xcodeproj/Core_Info.plist;
				LD_RUNPATH_SEARCH_PATHS = "$(TOOLCHAIN_DIR)/usr/lib/swift/macosx";
				OTHER_LDFLAGS = "$(inherited)";
				OTHER_SWIFT_FLAGS = "$(inherited)";
				PRODUCT_BUNDLE_IDENTIFIER = Core;
				PRODUCT_MODULE_NAME = "$(TARGET_NAME:c99extidentifier)";
				PRODUCT_NAME = "$(TARGET_NAME:c99extidentifier)";
				SKIP_INSTALL = YES;
				SUPPORTED_PLATFORMS = "iphonesimulator iphoneos";
				SWIFT_VERSION = 4.0;
				TARGET_NAME = Core;
			};
			name = Debug;
		};
		OBJ_135 /* Release */ = {
			isa = XCBuildConfiguration;
			buildSettings = {
				ENABLE_TESTABILITY = YES;
				FRAMEWORK_SEARCH_PATHS = (
					"$(inherited)",
					"$(PROJECT_DIR)/Carthage/Build/iOS",
				);
				HEADER_SEARCH_PATHS = "$(inherited)";
				INFOPLIST_FILE = Core.xcodeproj/Core_Info.plist;
				LD_RUNPATH_SEARCH_PATHS = "$(TOOLCHAIN_DIR)/usr/lib/swift/macosx";
				OTHER_LDFLAGS = "$(inherited)";
				OTHER_SWIFT_FLAGS = "$(inherited)";
				PRODUCT_BUNDLE_IDENTIFIER = Core;
				PRODUCT_MODULE_NAME = "$(TARGET_NAME:c99extidentifier)";
				PRODUCT_NAME = "$(TARGET_NAME:c99extidentifier)";
				SKIP_INSTALL = YES;
				SUPPORTED_PLATFORMS = "iphonesimulator iphoneos";
				SWIFT_VERSION = 4.0;
				TARGET_NAME = Core;
			};
			name = Release;
		};
		OBJ_168 /* Debug */ = {
			isa = XCBuildConfiguration;
			buildSettings = {
				ENABLE_TESTABILITY = YES;
				FRAMEWORK_SEARCH_PATHS = (
					"$(inherited)",
					"$(PLATFORM_DIR)/Developer/Library/Frameworks",
				);
				HEADER_SEARCH_PATHS = "$(inherited)";
				INFOPLIST_FILE = Core.xcodeproj/Debugging_Info.plist;
				LD_RUNPATH_SEARCH_PATHS = "$(TOOLCHAIN_DIR)/usr/lib/swift/macosx";
				OTHER_LDFLAGS = "$(inherited)";
				OTHER_SWIFT_FLAGS = "$(inherited)";
				PRODUCT_BUNDLE_IDENTIFIER = Debugging;
				PRODUCT_MODULE_NAME = "$(TARGET_NAME:c99extidentifier)";
				PRODUCT_NAME = "$(TARGET_NAME:c99extidentifier)";
				SKIP_INSTALL = YES;
				SWIFT_VERSION = 4.0;
				TARGET_NAME = Debugging;
			};
			name = Debug;
		};
		OBJ_169 /* Release */ = {
			isa = XCBuildConfiguration;
			buildSettings = {
				ENABLE_TESTABILITY = YES;
				FRAMEWORK_SEARCH_PATHS = (
					"$(inherited)",
					"$(PLATFORM_DIR)/Developer/Library/Frameworks",
				);
				HEADER_SEARCH_PATHS = "$(inherited)";
				INFOPLIST_FILE = Core.xcodeproj/Debugging_Info.plist;
				LD_RUNPATH_SEARCH_PATHS = "$(TOOLCHAIN_DIR)/usr/lib/swift/macosx";
				OTHER_LDFLAGS = "$(inherited)";
				OTHER_SWIFT_FLAGS = "$(inherited)";
				PRODUCT_BUNDLE_IDENTIFIER = Debugging;
				PRODUCT_MODULE_NAME = "$(TARGET_NAME:c99extidentifier)";
				PRODUCT_NAME = "$(TARGET_NAME:c99extidentifier)";
				SKIP_INSTALL = YES;
				SWIFT_VERSION = 4.0;
				TARGET_NAME = Debugging;
			};
			name = Release;
		};
		OBJ_174 /* Debug */ = {
			isa = XCBuildConfiguration;
			buildSettings = {
				ENABLE_TESTABILITY = YES;
				FRAMEWORK_SEARCH_PATHS = (
					"$(inherited)",
					"$(PLATFORM_DIR)/Developer/Library/Frameworks",
				);
				HEADER_SEARCH_PATHS = "$(inherited)";
				INFOPLIST_FILE = Core.xcodeproj/Bits_Info.plist;
				LD_RUNPATH_SEARCH_PATHS = "$(TOOLCHAIN_DIR)/usr/lib/swift/macosx";
				OTHER_LDFLAGS = "$(inherited)";
				OTHER_SWIFT_FLAGS = "$(inherited)";
				PRODUCT_BUNDLE_IDENTIFIER = Bits;
				PRODUCT_MODULE_NAME = "$(TARGET_NAME:c99extidentifier)";
				PRODUCT_NAME = "$(TARGET_NAME:c99extidentifier)";
				SKIP_INSTALL = YES;
				SWIFT_VERSION = 4.0;
				TARGET_NAME = Bits;
			};
			name = Debug;
		};
		OBJ_175 /* Release */ = {
			isa = XCBuildConfiguration;
			buildSettings = {
				ENABLE_TESTABILITY = YES;
				FRAMEWORK_SEARCH_PATHS = (
					"$(inherited)",
					"$(PLATFORM_DIR)/Developer/Library/Frameworks",
				);
				HEADER_SEARCH_PATHS = "$(inherited)";
				INFOPLIST_FILE = Core.xcodeproj/Bits_Info.plist;
				LD_RUNPATH_SEARCH_PATHS = "$(TOOLCHAIN_DIR)/usr/lib/swift/macosx";
				OTHER_LDFLAGS = "$(inherited)";
				OTHER_SWIFT_FLAGS = "$(inherited)";
				PRODUCT_BUNDLE_IDENTIFIER = Bits;
				PRODUCT_MODULE_NAME = "$(TARGET_NAME:c99extidentifier)";
				PRODUCT_NAME = "$(TARGET_NAME:c99extidentifier)";
				SKIP_INSTALL = YES;
				SWIFT_VERSION = 4.0;
				TARGET_NAME = Bits;
			};
			name = Release;
		};
		OBJ_198 /* Debug */ = {
			isa = XCBuildConfiguration;
			buildSettings = {
				ENABLE_TESTABILITY = YES;
				FRAMEWORK_SEARCH_PATHS = (
					"$(inherited)",
					"$(PLATFORM_DIR)/Developer/Library/Frameworks",
				);
				HEADER_SEARCH_PATHS = "$(inherited)";
				INFOPLIST_FILE = Core.xcodeproj/libc_Info.plist;
				LD_RUNPATH_SEARCH_PATHS = "$(TOOLCHAIN_DIR)/usr/lib/swift/macosx";
				OTHER_LDFLAGS = "$(inherited)";
				OTHER_SWIFT_FLAGS = "$(inherited)";
				PRODUCT_BUNDLE_IDENTIFIER = libc;
				PRODUCT_MODULE_NAME = "$(TARGET_NAME:c99extidentifier)";
				PRODUCT_NAME = "$(TARGET_NAME:c99extidentifier)";
				SKIP_INSTALL = YES;
				SWIFT_VERSION = 4.0;
				TARGET_NAME = libc;
			};
			name = Debug;
		};
		OBJ_199 /* Release */ = {
			isa = XCBuildConfiguration;
			buildSettings = {
				ENABLE_TESTABILITY = YES;
				FRAMEWORK_SEARCH_PATHS = (
					"$(inherited)",
					"$(PLATFORM_DIR)/Developer/Library/Frameworks",
				);
				HEADER_SEARCH_PATHS = "$(inherited)";
				INFOPLIST_FILE = Core.xcodeproj/libc_Info.plist;
				LD_RUNPATH_SEARCH_PATHS = "$(TOOLCHAIN_DIR)/usr/lib/swift/macosx";
				OTHER_LDFLAGS = "$(inherited)";
				OTHER_SWIFT_FLAGS = "$(inherited)";
				PRODUCT_BUNDLE_IDENTIFIER = libc;
				PRODUCT_MODULE_NAME = "$(TARGET_NAME:c99extidentifier)";
				PRODUCT_NAME = "$(TARGET_NAME:c99extidentifier)";
				SKIP_INSTALL = YES;
				SWIFT_VERSION = 4.0;
				TARGET_NAME = libc;
			};
			name = Release;
		};
		OBJ_205 /* Debug */ = {
			isa = XCBuildConfiguration;
			buildSettings = {
				FRAMEWORK_SEARCH_PATHS = (
					"$(inherited)",
					"$(PLATFORM_DIR)/Developer/Library/Frameworks",
				);
			};
			name = Debug;
		};
		OBJ_206 /* Release */ = {
			isa = XCBuildConfiguration;
			buildSettings = {
				FRAMEWORK_SEARCH_PATHS = (
					"$(inherited)",
					"$(PLATFORM_DIR)/Developer/Library/Frameworks",
				);
			};
			name = Release;
		};
		OBJ_3 /* Debug */ = {
			isa = XCBuildConfiguration;
			buildSettings = {
				CLANG_ENABLE_OBJC_ARC = YES;
				COMBINE_HIDPI_IMAGES = YES;
				COPY_PHASE_STRIP = NO;
				DEBUG_INFORMATION_FORMAT = dwarf;
				DYLIB_INSTALL_NAME_BASE = "@rpath";
				ENABLE_NS_ASSERTIONS = YES;
				FRAMEWORK_SEARCH_PATHS = (
					"$(inherited)",
					"$(PROJECT_DIR)/Carthage/Build/iOS",
				);
				GCC_OPTIMIZATION_LEVEL = 0;
				MACOSX_DEPLOYMENT_TARGET = 10.10;
				ONLY_ACTIVE_ARCH = YES;
				OTHER_SWIFT_FLAGS = "-DXcode";
				PRODUCT_NAME = "$(TARGET_NAME)";
				SDKROOT = iphoneos;
				SUPPORTED_PLATFORMS = "iphonesimulator iphoneos";
				SWIFT_ACTIVE_COMPILATION_CONDITIONS = SWIFT_PACKAGE;
				SWIFT_OPTIMIZATION_LEVEL = "-Onone";
				USE_HEADERMAP = NO;
			};
			name = Debug;
		};
		OBJ_4 /* Release */ = {
			isa = XCBuildConfiguration;
			buildSettings = {
				CLANG_ENABLE_OBJC_ARC = YES;
				COMBINE_HIDPI_IMAGES = YES;
				COPY_PHASE_STRIP = YES;
				DEBUG_INFORMATION_FORMAT = "dwarf-with-dsym";
				DYLIB_INSTALL_NAME_BASE = "@rpath";
				FRAMEWORK_SEARCH_PATHS = (
					"$(inherited)",
					"$(PROJECT_DIR)/Carthage/Build/iOS",
				);
				GCC_OPTIMIZATION_LEVEL = s;
				MACOSX_DEPLOYMENT_TARGET = 10.10;
				OTHER_SWIFT_FLAGS = "-DXcode";
				PRODUCT_NAME = "$(TARGET_NAME)";
				SDKROOT = iphoneos;
				SUPPORTED_PLATFORMS = "iphonesimulator iphoneos";
				SWIFT_ACTIVE_COMPILATION_CONDITIONS = SWIFT_PACKAGE;
				SWIFT_OPTIMIZATION_LEVEL = "-Owholemodule";
				USE_HEADERMAP = NO;
			};
			name = Release;
		};
		OBJ_85 /* Debug */ = {
			isa = XCBuildConfiguration;
			buildSettings = {
				LD = /usr/bin/true;
				OTHER_SWIFT_FLAGS = "-swift-version 4 -I /Applications/Xcode.app/Contents/Developer/Toolchains/XcodeDefault.xctoolchain/usr/lib/swift/pm/4 -target x86_64-apple-macosx10.10 -sdk /Applications/Xcode.app/Contents/Developer/Platforms/MacOSX.platform/Developer/SDKs/MacOSX10.13.sdk";
				SDKROOT = iphoneos;
				SWIFT_VERSION = 4.0;
			};
			name = Debug;
		};
		OBJ_86 /* Release */ = {
			isa = XCBuildConfiguration;
			buildSettings = {
				LD = /usr/bin/true;
				OTHER_SWIFT_FLAGS = "-swift-version 4 -I /Applications/Xcode.app/Contents/Developer/Toolchains/XcodeDefault.xctoolchain/usr/lib/swift/pm/4 -target x86_64-apple-macosx10.10 -sdk /Applications/Xcode.app/Contents/Developer/Platforms/MacOSX.platform/Developer/SDKs/MacOSX10.13.sdk";
				SDKROOT = iphoneos;
				SWIFT_VERSION = 4.0;
			};
			name = Release;
		};
		OBJ_91 /* Debug */ = {
			isa = XCBuildConfiguration;
			buildSettings = {
				LD = /usr/bin/true;
				OTHER_SWIFT_FLAGS = "-swift-version 4 -I /Applications/Xcode.app/Contents/Developer/Toolchains/XcodeDefault.xctoolchain/usr/lib/swift/pm/4 -target x86_64-apple-macosx10.10 -sdk /Applications/Xcode.app/Contents/Developer/Platforms/MacOSX.platform/Developer/SDKs/MacOSX10.13.sdk";
				SWIFT_VERSION = 4.0;
			};
			name = Debug;
		};
		OBJ_92 /* Release */ = {
			isa = XCBuildConfiguration;
			buildSettings = {
				LD = /usr/bin/true;
				OTHER_SWIFT_FLAGS = "-swift-version 4 -I /Applications/Xcode.app/Contents/Developer/Toolchains/XcodeDefault.xctoolchain/usr/lib/swift/pm/4 -target x86_64-apple-macosx10.10 -sdk /Applications/Xcode.app/Contents/Developer/Platforms/MacOSX.platform/Developer/SDKs/MacOSX10.13.sdk";
				SWIFT_VERSION = 4.0;
			};
			name = Release;
		};
		OBJ_97 /* Debug */ = {
			isa = XCBuildConfiguration;
			buildSettings = {
				LD = /usr/bin/true;
				OTHER_SWIFT_FLAGS = "-swift-version 4 -I /Applications/Xcode.app/Contents/Developer/Toolchains/XcodeDefault.xctoolchain/usr/lib/swift/pm/4 -target x86_64-apple-macosx10.10 -sdk /Applications/Xcode.app/Contents/Developer/Platforms/MacOSX.platform/Developer/SDKs/MacOSX10.13.sdk";
				SWIFT_VERSION = 4.0;
			};
			name = Debug;
		};
		OBJ_98 /* Release */ = {
			isa = XCBuildConfiguration;
			buildSettings = {
				LD = /usr/bin/true;
				OTHER_SWIFT_FLAGS = "-swift-version 4 -I /Applications/Xcode.app/Contents/Developer/Toolchains/XcodeDefault.xctoolchain/usr/lib/swift/pm/4 -target x86_64-apple-macosx10.10 -sdk /Applications/Xcode.app/Contents/Developer/Platforms/MacOSX.platform/Developer/SDKs/MacOSX10.13.sdk";
				SWIFT_VERSION = 4.0;
			};
			name = Release;
		};
/* End XCBuildConfiguration section */

/* Begin XCConfigurationList section */
		OBJ_102 /* Build configuration list for PBXNativeTarget "CoreTests" */ = {
			isa = XCConfigurationList;
			buildConfigurations = (
				OBJ_103 /* Debug */,
				OBJ_104 /* Release */,
			);
			defaultConfigurationIsVisible = 0;
			defaultConfigurationName = Debug;
		};
		OBJ_133 /* Build configuration list for PBXNativeTarget "Core" */ = {
			isa = XCConfigurationList;
			buildConfigurations = (
				OBJ_134 /* Debug */,
				OBJ_135 /* Release */,
			);
			defaultConfigurationIsVisible = 0;
			defaultConfigurationName = Debug;
		};
		OBJ_167 /* Build configuration list for PBXNativeTarget "Debugging" */ = {
			isa = XCConfigurationList;
			buildConfigurations = (
				OBJ_168 /* Debug */,
				OBJ_169 /* Release */,
			);
			defaultConfigurationIsVisible = 0;
			defaultConfigurationName = Debug;
		};
		OBJ_173 /* Build configuration list for PBXNativeTarget "Bits" */ = {
			isa = XCConfigurationList;
			buildConfigurations = (
				OBJ_174 /* Debug */,
				OBJ_175 /* Release */,
			);
			defaultConfigurationIsVisible = 0;
			defaultConfigurationName = Debug;
		};
		OBJ_197 /* Build configuration list for PBXNativeTarget "libc" */ = {
			isa = XCConfigurationList;
			buildConfigurations = (
				OBJ_198 /* Debug */,
				OBJ_199 /* Release */,
			);
			defaultConfigurationIsVisible = 0;
			defaultConfigurationName = Debug;
		};
		OBJ_2 /* Build configuration list for PBXProject "core" */ = {
			isa = XCConfigurationList;
			buildConfigurations = (
				OBJ_3 /* Debug */,
				OBJ_4 /* Release */,
			);
			defaultConfigurationIsVisible = 0;
			defaultConfigurationName = Debug;
		};
		OBJ_204 /* Build configuration list for PBXAggregateTarget "CorePackageTests" */ = {
			isa = XCConfigurationList;
			buildConfigurations = (
				OBJ_205 /* Debug */,
				OBJ_206 /* Release */,
			);
			defaultConfigurationIsVisible = 0;
			defaultConfigurationName = Debug;
		};
		OBJ_84 /* Build configuration list for PBXNativeTarget "CorePackageDescription" */ = {
			isa = XCConfigurationList;
			buildConfigurations = (
				OBJ_85 /* Debug */,
				OBJ_86 /* Release */,
			);
			defaultConfigurationIsVisible = 0;
			defaultConfigurationName = Debug;
		};
		OBJ_90 /* Build configuration list for PBXNativeTarget "DebuggingPackageDescription" */ = {
			isa = XCConfigurationList;
			buildConfigurations = (
				OBJ_91 /* Debug */,
				OBJ_92 /* Release */,
			);
			defaultConfigurationIsVisible = 0;
			defaultConfigurationName = Debug;
		};
		OBJ_96 /* Build configuration list for PBXNativeTarget "BitsPackageDescription" */ = {
			isa = XCConfigurationList;
			buildConfigurations = (
				OBJ_97 /* Debug */,
				OBJ_98 /* Release */,
			);
			defaultConfigurationIsVisible = 0;
			defaultConfigurationName = Debug;
		};
/* End XCConfigurationList section */
	};
	rootObject = OBJ_1 /* Project object */;
}
